# THIS IS AN AUTOGENERATED FILE. DO NOT EDIT THIS FILE DIRECTLY.
# yarn lockfile v1


colors@^1.0.3:
  version "1.3.3"
  resolved "https://registry.yarnpkg.com/colors/-/colors-1.3.3.tgz#39e005d546afe01e01f9c4ca8fa50f686a01205d"
  integrity sha512-mmGt/1pZqYRjMxB1axhTo16/snVZ5krrKkcmMeVKxzECMMXoCgnvTPp10QgHfcbQZw8Dq2jMNG6je4JlWU0gWg==

dmxnet@^0.2.4:
  version "0.2.4"
  resolved "https://registry.yarnpkg.com/dmxnet/-/dmxnet-0.2.4.tgz#5a13ba3a6b14dc116a93b8f4a3a04750fc6a2330"
  integrity sha512-VFEu7CVpWCCYq9P1b4xm7kkkc42pXcpwPiz/fUdDhMmhXE8WKdGMfGlVFQAO2K83GztJ3odtKGCE4WPiz3yLCA==
  dependencies:
    jspack "0.0.4"
    netmask "^1.0.6"
    simple-node-logger "^0.93.42"

jspack@0.0.4:
  version "0.0.4"
  resolved "https://registry.yarnpkg.com/jspack/-/jspack-0.0.4.tgz#32dd35c7fdcb3e3456c18fbb7ef9ed0bc6238177"
  integrity sha1-Mt01x/3LPjRWwY+7fvntC8YjgXc=

lodash@^4.17.10:
  version "4.17.11"
  resolved "https://registry.yarnpkg.com/lodash/-/lodash-4.17.11.tgz#b39ea6229ef607ecd89e2c8df12536891cac9b8d"
  integrity sha512-cQKh8igo5QUhZ7lg38DYWAxMvjSAKG0A8wGSVimP07SIUEK2UO+arSRKbRZWtelMtN5V0Hkwh5ryOto/SshYIg==

moment@^2.20.1:
  version "2.24.0"
  resolved "https://registry.yarnpkg.com/moment/-/moment-2.24.0.tgz#0d055d53f5052aa653c9f6eb68bb5d12bf5c2b5b"
  integrity sha512-bV7f+6l2QigeBBZSM/6yTNq4P2fNpSWj/0e7jQcy87A8e7o2nAfP/34/2ky5Vw4B9S446EtIhodAzkFCcR4dQg==

netmask@^1.0.6:
  version "1.0.6"
  resolved "https://registry.yarnpkg.com/netmask/-/netmask-1.0.6.tgz#20297e89d86f6f6400f250d9f4f6b4c1945fcd35"
  integrity sha1-ICl+idhvb2QA8lDZ9Pa0wZRfzTU=

pixelnode-driver@0.1.x:
  version "0.1.1"
  resolved "https://registry.yarnpkg.com/pixelnode-driver/-/pixelnode-driver-0.1.1.tgz#6f288f96126f582ed4217ac606cdfbb9b05b0179"
  integrity sha1-byiPlhJvWC7UIXrGBs37ubBbAXk=
  dependencies:
    underscore "~1.8.3"

simple-node-logger@^0.93.42:
  version "0.93.42"
  resolved "https://registry.yarnpkg.com/simple-node-logger/-/simple-node-logger-0.93.42.tgz#ebc6893ef27a838f12dbd16a71e694976cb0f975"
  integrity sha512-3Kh0egP+iYr/TSDOdbLEMgyd9o6XsBMk3xk4Ds0/dwoclgDOqdOygusBixcr6ls0nG5xTpwgWiatWfZXjCiCLA==
  dependencies:
    lodash "^4.17.10"
    moment "^2.20.1"

underscore@~1.8.3:
  version "1.8.3"
  resolved "https://registry.yarnpkg.com/underscore/-/underscore-1.8.3.tgz#4f3fb53b106e6097fcf9cb4109f2a5e9bdfa5022"
  integrity sha1-Tz+1OxBuYJf8+ctBCfKl6b36UCI=
